
Microsoft Visual Studio Solution File, Format Version 12.00
# Visual Studio Version 16
VisualStudioVersion = 16.0.30621.155
MinimumVisualStudioVersion = 10.0.40219.1
Project("{FAE04EC0-301F-11D3-BF4B-00C04F79EFBC}") = "PersonInfoConsoleApp", "PersonInfoConsoleApp\PersonInfoConsoleApp.csproj", "{289962E4-8BD5-4626-8088-9327237C1DFC}"
EndProject
Global
	GlobalSection(SolutionConfigurationPlatforms) = preSolution
		Debug|Any CPU = Debug|Any CPU
		Release|Any CPU = Release|Any CPU
	EndGlobalSection
	GlobalSection(ProjectConfigurationPlatforms) = postSolution
		{289962E4-8BD5-4626-8088-9327237C1DFC}.Debug|Any CPU.ActiveCfg = Debug|Any CPU
		{289962E4-8BD5-4626-8088-9327237C1DFC}.Debug|Any CPU.Build.0 = Debug|Any CPU
		{289962E4-8BD5-4626-8088-9327237C1DFC}.Release|Any CPU.ActiveCfg = Release|Any CPU
		{289962E4-8BD5-4626-8088-9327237C1DFC}.Release|Any CPU.Build.0 = Release|Any CPU
	EndGlobalSection
	GlobalSection(SolutionProperties) = preSolution
		HideSolutionNode = FALSE
	EndGlobalSection
	GlobalSection(ExtensibilityGlobals) = postSolution
		SolutionGuid = {5316B281-F5B9-49D0-BD90-660AE94C8551}
	EndGlobalSection
EndGlobal
